
Microsoft Visual Studio Solution File, Format Version 12.00
# Visual Studio Version 17
VisualStudioVersion = 17.5.33516.290
MinimumVisualStudioVersion = 10.0.40219.1
Project("{2150E333-8FDC-42A3-9474-1A3956D46DE8}") = "Frontend", "Frontend", "{FC79D483-5AD2-4E2F-89BC-34664A5AFFB2}"
EndProject
Project("{2150E333-8FDC-42A3-9474-1A3956D46DE8}") = "Gateway", "Gateway", "{DFDE37CA-28B1-4175-83F0-BC4E4129A689}"
EndProject
Project("{2150E333-8FDC-42A3-9474-1A3956D46DE8}") = "Services", "Services", "{C638CD1B-9382-4C8D-846E-CEF820B661F4}"
EndProject
Project("{2150E333-8FDC-42A3-9474-1A3956D46DE8}") = "Integration", "Integration", "{62B5C067-D025-40D7-A7C5-7F3930A86316}"
EndProject
Project("{54A90642-561A-4BB1-A94E-469ADEE60C69}") = "ecom.frontend", "ecom.frontend\ecom.frontend.esproj", "{CD407557-AC70-4037-9A8A-95B712A0218C}"
EndProject
Project("{9A19103F-16F7-4668-BE54-9A1E7A4F7556}") = "ECom.Gateway", "ECom.Gateway\ECom.Gateway.csproj", "{BB4BD7C5-35B1-41F4-A5A9-20490C3D51CB}"
EndProject
Project("{9A19103F-16F7-4668-BE54-9A1E7A4F7556}") = "ECom.Services.Products", "ECom.Services.Product\ECom.Services.Products.csproj", "{2E071462-15BD-4C88-B610-991AA71813B9}"
EndProject
Project("{2150E333-8FDC-42A3-9474-1A3956D46DE8}") = "Messages", "Messages", "{73E4BE09-E476-4DC5-9AC2-2A03FDD5A5A9}"
EndProject
Project("{9A19103F-16F7-4668-BE54-9A1E7A4F7556}") = "Messages", "Messages\Messages.csproj", "{21DC761F-7A99-4730-9BDA-10954A08B9BB}"
EndProject
Project("{2150E333-8FDC-42A3-9474-1A3956D46DE8}") = "Dto", "Dto", "{83A4EB5C-C39A-4D7E-AE53-ADAF51B98349}"
EndProject
Project("{9A19103F-16F7-4668-BE54-9A1E7A4F7556}") = "Dto", "Dto\Dto.csproj", "{E49232D8-EC96-4012-9864-A80FFD4FB6C5}"
EndProject
Project("{9A19103F-16F7-4668-BE54-9A1E7A4F7556}") = "ECom.Services.Auth", "ECom.Services.Auth\ECom.Services.Auth.csproj", "{ACE8094A-5F43-418A-B5C0-E01D166F617F}"
EndProject
Project("{9A19103F-16F7-4668-BE54-9A1E7A4F7556}") = "ECom.Services.Sales", "ECom.Services.Sales\ECom.Services.Sales.csproj", "{89B0C89F-FE52-452E-90ED-A4C13991164E}"
EndProject
Project("{9A19103F-16F7-4668-BE54-9A1E7A4F7556}") = "Ecom.Services.Recommendation", "Ecom.Services.Recommendation\Ecom.Services.Recommendation.csproj", "{1E95F87D-C111-4FF7-9E63-8B3B46CD32FC}"
EndProject
Project("{9A19103F-16F7-4668-BE54-9A1E7A4F7556}") = "Ecom.Services.Forecast", "Ecom.Services.Forecast\Ecom.Services.Forecast.csproj", "{803BF134-7CE2-4F6C-A712-9BB6C1A8F77B}"
EndProject
Project("{FAE04EC0-301F-11D3-BF4B-00C04F79EFBC}") = "ECom.Services.Billing", "ECom.Services.Billing\ECom.Services.Billing.csproj", "{AA6DCEB2-D4C8-43E6-9796-78C0C0915C6C}"
EndProject
Global
	GlobalSection(SolutionConfigurationPlatforms) = preSolution
		Debug|Any CPU = Debug|Any CPU
		Debug|x86 = Debug|x86
		Release|Any CPU = Release|Any CPU
		Release|x86 = Release|x86
	EndGlobalSection
	GlobalSection(ProjectConfigurationPlatforms) = postSolution
		{CD407557-AC70-4037-9A8A-95B712A0218C}.Debug|Any CPU.ActiveCfg = Debug|Any CPU
		{CD407557-AC70-4037-9A8A-95B712A0218C}.Debug|Any CPU.Build.0 = Debug|Any CPU
		{CD407557-AC70-4037-9A8A-95B712A0218C}.Debug|Any CPU.Deploy.0 = Debug|Any CPU
		{CD407557-AC70-4037-9A8A-95B712A0218C}.Debug|x86.ActiveCfg = Debug|Any CPU
		{CD407557-AC70-4037-9A8A-95B712A0218C}.Debug|x86.Build.0 = Debug|Any CPU
		{CD407557-AC70-4037-9A8A-95B712A0218C}.Debug|x86.Deploy.0 = Debug|Any CPU
		{CD407557-AC70-4037-9A8A-95B712A0218C}.Release|Any CPU.ActiveCfg = Release|Any CPU
		{CD407557-AC70-4037-9A8A-95B712A0218C}.Release|Any CPU.Build.0 = Release|Any CPU
		{CD407557-AC70-4037-9A8A-95B712A0218C}.Release|Any CPU.Deploy.0 = Release|Any CPU
		{CD407557-AC70-4037-9A8A-95B712A0218C}.Release|x86.ActiveCfg = Release|Any CPU
		{CD407557-AC70-4037-9A8A-95B712A0218C}.Release|x86.Build.0 = Release|Any CPU
		{CD407557-AC70-4037-9A8A-95B712A0218C}.Release|x86.Deploy.0 = Release|Any CPU
		{BB4BD7C5-35B1-41F4-A5A9-20490C3D51CB}.Debug|Any CPU.ActiveCfg = Debug|Any CPU
		{BB4BD7C5-35B1-41F4-A5A9-20490C3D51CB}.Debug|Any CPU.Build.0 = Debug|Any CPU
		{BB4BD7C5-35B1-41F4-A5A9-20490C3D51CB}.Debug|x86.ActiveCfg = Debug|Any CPU
		{BB4BD7C5-35B1-41F4-A5A9-20490C3D51CB}.Debug|x86.Build.0 = Debug|Any CPU
		{BB4BD7C5-35B1-41F4-A5A9-20490C3D51CB}.Release|Any CPU.ActiveCfg = Release|Any CPU
		{BB4BD7C5-35B1-41F4-A5A9-20490C3D51CB}.Release|Any CPU.Build.0 = Release|Any CPU
		{BB4BD7C5-35B1-41F4-A5A9-20490C3D51CB}.Release|x86.ActiveCfg = Release|Any CPU
		{BB4BD7C5-35B1-41F4-A5A9-20490C3D51CB}.Release|x86.Build.0 = Release|Any CPU
		{2E071462-15BD-4C88-B610-991AA71813B9}.Debug|Any CPU.ActiveCfg = Debug|x86
		{2E071462-15BD-4C88-B610-991AA71813B9}.Debug|Any CPU.Build.0 = Debug|x86
		{2E071462-15BD-4C88-B610-991AA71813B9}.Debug|x86.ActiveCfg = Debug|x86
		{2E071462-15BD-4C88-B610-991AA71813B9}.Debug|x86.Build.0 = Debug|x86
		{2E071462-15BD-4C88-B610-991AA71813B9}.Release|Any CPU.ActiveCfg = Release|Any CPU
		{2E071462-15BD-4C88-B610-991AA71813B9}.Release|Any CPU.Build.0 = Release|Any CPU
		{2E071462-15BD-4C88-B610-991AA71813B9}.Release|x86.ActiveCfg = Release|x86
		{2E071462-15BD-4C88-B610-991AA71813B9}.Release|x86.Build.0 = Release|x86
		{21DC761F-7A99-4730-9BDA-10954A08B9BB}.Debug|Any CPU.ActiveCfg = Debug|Any CPU
		{21DC761F-7A99-4730-9BDA-10954A08B9BB}.Debug|Any CPU.Build.0 = Debug|Any CPU
		{21DC761F-7A99-4730-9BDA-10954A08B9BB}.Debug|x86.ActiveCfg = Debug|Any CPU
		{21DC761F-7A99-4730-9BDA-10954A08B9BB}.Debug|x86.Build.0 = Debug|Any CPU
		{21DC761F-7A99-4730-9BDA-10954A08B9BB}.Release|Any CPU.ActiveCfg = Release|Any CPU
		{21DC761F-7A99-4730-9BDA-10954A08B9BB}.Release|Any CPU.Build.0 = Release|Any CPU
		{21DC761F-7A99-4730-9BDA-10954A08B9BB}.Release|x86.ActiveCfg = Release|Any CPU
		{21DC761F-7A99-4730-9BDA-10954A08B9BB}.Release|x86.Build.0 = Release|Any CPU
		{E49232D8-EC96-4012-9864-A80FFD4FB6C5}.Debug|Any CPU.ActiveCfg = Debug|Any CPU
		{E49232D8-EC96-4012-9864-A80FFD4FB6C5}.Debug|Any CPU.Build.0 = Debug|Any CPU
		{E49232D8-EC96-4012-9864-A80FFD4FB6C5}.Debug|x86.ActiveCfg = Debug|Any CPU
		{E49232D8-EC96-4012-9864-A80FFD4FB6C5}.Debug|x86.Build.0 = Debug|Any CPU
		{E49232D8-EC96-4012-9864-A80FFD4FB6C5}.Release|Any CPU.ActiveCfg = Release|Any CPU
		{E49232D8-EC96-4012-9864-A80FFD4FB6C5}.Release|Any CPU.Build.0 = Release|Any CPU
		{E49232D8-EC96-4012-9864-A80FFD4FB6C5}.Release|x86.ActiveCfg = Release|Any CPU
		{E49232D8-EC96-4012-9864-A80FFD4FB6C5}.Release|x86.Build.0 = Release|Any CPU
		{ACE8094A-5F43-418A-B5C0-E01D166F617F}.Debug|Any CPU.ActiveCfg = Debug|Any CPU
		{ACE8094A-5F43-418A-B5C0-E01D166F617F}.Debug|Any CPU.Build.0 = Debug|Any CPU
		{ACE8094A-5F43-418A-B5C0-E01D166F617F}.Debug|x86.ActiveCfg = Debug|Any CPU
		{ACE8094A-5F43-418A-B5C0-E01D166F617F}.Debug|x86.Build.0 = Debug|Any CPU
		{ACE8094A-5F43-418A-B5C0-E01D166F617F}.Release|Any CPU.ActiveCfg = Release|Any CPU
		{ACE8094A-5F43-418A-B5C0-E01D166F617F}.Release|Any CPU.Build.0 = Release|Any CPU
		{ACE8094A-5F43-418A-B5C0-E01D166F617F}.Release|x86.ActiveCfg = Release|Any CPU
		{ACE8094A-5F43-418A-B5C0-E01D166F617F}.Release|x86.Build.0 = Release|Any CPU
		{89B0C89F-FE52-452E-90ED-A4C13991164E}.Debug|Any CPU.ActiveCfg = Debug|Any CPU
		{89B0C89F-FE52-452E-90ED-A4C13991164E}.Debug|Any CPU.Build.0 = Debug|Any CPU
		{89B0C89F-FE52-452E-90ED-A4C13991164E}.Debug|x86.ActiveCfg = Debug|Any CPU
		{89B0C89F-FE52-452E-90ED-A4C13991164E}.Debug|x86.Build.0 = Debug|Any CPU
		{89B0C89F-FE52-452E-90ED-A4C13991164E}.Release|Any CPU.ActiveCfg = Release|Any CPU
		{89B0C89F-FE52-452E-90ED-A4C13991164E}.Release|Any CPU.Build.0 = Release|Any CPU
		{89B0C89F-FE52-452E-90ED-A4C13991164E}.Release|x86.ActiveCfg = Release|Any CPU
		{89B0C89F-FE52-452E-90ED-A4C13991164E}.Release|x86.Build.0 = Release|Any CPU
		{1E95F87D-C111-4FF7-9E63-8B3B46CD32FC}.Debug|Any CPU.ActiveCfg = Debug|Any CPU
		{1E95F87D-C111-4FF7-9E63-8B3B46CD32FC}.Debug|Any CPU.Build.0 = Debug|Any CPU
		{1E95F87D-C111-4FF7-9E63-8B3B46CD32FC}.Debug|x86.ActiveCfg = Debug|Any CPU
		{1E95F87D-C111-4FF7-9E63-8B3B46CD32FC}.Debug|x86.Build.0 = Debug|Any CPU
		{1E95F87D-C111-4FF7-9E63-8B3B46CD32FC}.Release|Any CPU.ActiveCfg = Release|Any CPU
		{1E95F87D-C111-4FF7-9E63-8B3B46CD32FC}.Release|Any CPU.Build.0 = Release|Any CPU
		{1E95F87D-C111-4FF7-9E63-8B3B46CD32FC}.Release|x86.ActiveCfg = Release|Any CPU
		{1E95F87D-C111-4FF7-9E63-8B3B46CD32FC}.Release|x86.Build.0 = Release|Any CPU
		{803BF134-7CE2-4F6C-A712-9BB6C1A8F77B}.Debug|Any CPU.ActiveCfg = Debug|Any CPU
		{803BF134-7CE2-4F6C-A712-9BB6C1A8F77B}.Debug|Any CPU.Build.0 = Debug|Any CPU
		{803BF134-7CE2-4F6C-A712-9BB6C1A8F77B}.Debug|x86.ActiveCfg = Debug|Any CPU
		{803BF134-7CE2-4F6C-A712-9BB6C1A8F77B}.Debug|x86.Build.0 = Debug|Any CPU
		{803BF134-7CE2-4F6C-A712-9BB6C1A8F77B}.Release|Any CPU.ActiveCfg = Release|Any CPU
		{803BF134-7CE2-4F6C-A712-9BB6C1A8F77B}.Release|Any CPU.Build.0 = Release|Any CPU
		{803BF134-7CE2-4F6C-A712-9BB6C1A8F77B}.Release|x86.ActiveCfg = Release|Any CPU
		{803BF134-7CE2-4F6C-A712-9BB6C1A8F77B}.Release|x86.Build.0 = Release|Any CPU
		{AA6DCEB2-D4C8-43E6-9796-78C0C0915C6C}.Debug|Any CPU.ActiveCfg = Debug|Any CPU
		{AA6DCEB2-D4C8-43E6-9796-78C0C0915C6C}.Debug|Any CPU.Build.0 = Debug|Any CPU
		{AA6DCEB2-D4C8-43E6-9796-78C0C0915C6C}.Debug|x86.ActiveCfg = Debug|Any CPU
		{AA6DCEB2-D4C8-43E6-9796-78C0C0915C6C}.Debug|x86.Build.0 = Debug|Any CPU
		{AA6DCEB2-D4C8-43E6-9796-78C0C0915C6C}.Release|Any CPU.ActiveCfg = Release|Any CPU
		{AA6DCEB2-D4C8-43E6-9796-78C0C0915C6C}.Release|Any CPU.Build.0 = Release|Any CPU
		{AA6DCEB2-D4C8-43E6-9796-78C0C0915C6C}.Release|x86.ActiveCfg = Release|Any CPU
		{AA6DCEB2-D4C8-43E6-9796-78C0C0915C6C}.Release|x86.Build.0 = Release|Any CPU
	EndGlobalSection
	GlobalSection(SolutionProperties) = preSolution
		HideSolutionNode = FALSE
	EndGlobalSection
	GlobalSection(NestedProjects) = preSolution
		{CD407557-AC70-4037-9A8A-95B712A0218C} = {FC79D483-5AD2-4E2F-89BC-34664A5AFFB2}
		{BB4BD7C5-35B1-41F4-A5A9-20490C3D51CB} = {DFDE37CA-28B1-4175-83F0-BC4E4129A689}
		{2E071462-15BD-4C88-B610-991AA71813B9} = {C638CD1B-9382-4C8D-846E-CEF820B661F4}
		{73E4BE09-E476-4DC5-9AC2-2A03FDD5A5A9} = {62B5C067-D025-40D7-A7C5-7F3930A86316}
		{21DC761F-7A99-4730-9BDA-10954A08B9BB} = {73E4BE09-E476-4DC5-9AC2-2A03FDD5A5A9}
		{83A4EB5C-C39A-4D7E-AE53-ADAF51B98349} = {62B5C067-D025-40D7-A7C5-7F3930A86316}
		{E49232D8-EC96-4012-9864-A80FFD4FB6C5} = {83A4EB5C-C39A-4D7E-AE53-ADAF51B98349}
		{ACE8094A-5F43-418A-B5C0-E01D166F617F} = {C638CD1B-9382-4C8D-846E-CEF820B661F4}
		{89B0C89F-FE52-452E-90ED-A4C13991164E} = {C638CD1B-9382-4C8D-846E-CEF820B661F4}
		{1E95F87D-C111-4FF7-9E63-8B3B46CD32FC} = {C638CD1B-9382-4C8D-846E-CEF820B661F4}
		{803BF134-7CE2-4F6C-A712-9BB6C1A8F77B} = {C638CD1B-9382-4C8D-846E-CEF820B661F4}
		{AA6DCEB2-D4C8-43E6-9796-78C0C0915C6C} = {C638CD1B-9382-4C8D-846E-CEF820B661F4}
	EndGlobalSection
	GlobalSection(ExtensibilityGlobals) = postSolution
		SolutionGuid = {0CBEEBD5-75D7-4D93-B3B5-04E30A9D6E7C}
	EndGlobalSection
EndGlobal
